
Microsoft Visual Studio Solution File, Format Version 12.00
# Visual Studio Version 17
VisualStudioVersion = 17.3.32922.545
MinimumVisualStudioVersion = 10.0.40219.1
Project("{9A19103F-16F7-4668-BE54-9A1E7A4F7556}") = "Management-App", "Management-App\Management-App.csproj", "{B093A793-CA59-4AE4-AF15-DE475316AE0A}"
EndProject
Project("{FAE04EC0-301F-11D3-BF4B-00C04F79EFBC}") = "Management.Data", "Management.Data\Management.Data.csproj", "{52698C2A-479A-4196-B1DE-5F1B0017EE1C}"
EndProject
Project("{FAE04EC0-301F-11D3-BF4B-00C04F79EFBC}") = "Management-Common", "Management-Common\Management-Common.csproj", "{2EA84A92-CE5F-4E26-905B-FAE488F48533}"
EndProject
Project("{FAE04EC0-301F-11D3-BF4B-00C04F79EFBC}") = "Management-Core", "Management-Core\Management-Core.csproj", "{3AD3058F-FC82-4268-863F-9D2ED6CCACA4}"
EndProject
Global
	GlobalSection(SolutionConfigurationPlatforms) = preSolution
		Debug|Any CPU = Debug|Any CPU
		Release|Any CPU = Release|Any CPU
	EndGlobalSection
	GlobalSection(ProjectConfigurationPlatforms) = postSolution
		{B093A793-CA59-4AE4-AF15-DE475316AE0A}.Debug|Any CPU.ActiveCfg = Debug|Any CPU
		{B093A793-CA59-4AE4-AF15-DE475316AE0A}.Debug|Any CPU.Build.0 = Debug|Any CPU
		{B093A793-CA59-4AE4-AF15-DE475316AE0A}.Release|Any CPU.ActiveCfg = Release|Any CPU
		{B093A793-CA59-4AE4-AF15-DE475316AE0A}.Release|Any CPU.Build.0 = Release|Any CPU
		{52698C2A-479A-4196-B1DE-5F1B0017EE1C}.Debug|Any CPU.ActiveCfg = Debug|Any CPU
		{52698C2A-479A-4196-B1DE-5F1B0017EE1C}.Debug|Any CPU.Build.0 = Debug|Any CPU
		{52698C2A-479A-4196-B1DE-5F1B0017EE1C}.Release|Any CPU.ActiveCfg = Release|Any CPU
		{52698C2A-479A-4196-B1DE-5F1B0017EE1C}.Release|Any CPU.Build.0 = Release|Any CPU
		{2EA84A92-CE5F-4E26-905B-FAE488F48533}.Debug|Any CPU.ActiveCfg = Debug|Any CPU
		{2EA84A92-CE5F-4E26-905B-FAE488F48533}.Debug|Any CPU.Build.0 = Debug|Any CPU
		{2EA84A92-CE5F-4E26-905B-FAE488F48533}.Release|Any CPU.ActiveCfg = Release|Any CPU
		{2EA84A92-CE5F-4E26-905B-FAE488F48533}.Release|Any CPU.Build.0 = Release|Any CPU
		{3AD3058F-FC82-4268-863F-9D2ED6CCACA4}.Debug|Any CPU.ActiveCfg = Debug|Any CPU
		{3AD3058F-FC82-4268-863F-9D2ED6CCACA4}.Debug|Any CPU.Build.0 = Debug|Any CPU
		{3AD3058F-FC82-4268-863F-9D2ED6CCACA4}.Release|Any CPU.ActiveCfg = Release|Any CPU
		{3AD3058F-FC82-4268-863F-9D2ED6CCACA4}.Release|Any CPU.Build.0 = Release|Any CPU
	EndGlobalSection
	GlobalSection(SolutionProperties) = preSolution
		HideSolutionNode = FALSE
	EndGlobalSection
	GlobalSection(ExtensibilityGlobals) = postSolution
		SolutionGuid = {0A2EF31A-C8C0-48A6-91B5-35CC41F0F3FC}
	EndGlobalSection
EndGlobal
